
Microsoft Visual Studio Solution File, Format Version 12.00
# Visual Studio Version 17
VisualStudioVersion = 17.0.31903.59
MinimumVisualStudioVersion = 10.0.40219.1
Project("{9A19103F-16F7-4668-BE54-9A1E7A4F7556}") = "Advents", "Advents\Advents.csproj", "{B779E344-E31A-4629-9152-4F8B9232ED33}"
EndProject
Project("{9A19103F-16F7-4668-BE54-9A1E7A4F7556}") = "Advent02", "Advent02\Advent02.csproj", "{0EE41D6C-07B7-4AE8-B8CE-BBDBD59B0EF3}"
EndProject
Project("{9A19103F-16F7-4668-BE54-9A1E7A4F7556}") = "Advent03", "Advent03\Advent03.csproj", "{A9F2D729-3D55-430B-A7F4-7C528906E65A}"
EndProject
Project("{FAE04EC0-301F-11D3-BF4B-00C04F79EFBC}") = "Advent04", "Advent04\Advent04.csproj", "{D70F0F0C-E47B-4311-B00D-42498821810A}"
EndProject
Project("{FAE04EC0-301F-11D3-BF4B-00C04F79EFBC}") = "Advent005", "Advent005\Advent005.csproj", "{F1C0A4F9-C3BC-4AAA-8F98-C406D5A21ECB}"
EndProject
Project("{FAE04EC0-301F-11D3-BF4B-00C04F79EFBC}") = "Framework", "Framework\Framework.csproj", "{B58B72E2-9CF3-4C7F-A2B0-5852F2DEF4A4}"
EndProject
Project("{2150E333-8FDC-42A3-9474-1A3956D46DE8}") = "Tests", "Tests", "{7A4B837B-BB71-43E2-94AF-3FACC5F54E15}"
EndProject
Project("{FAE04EC0-301F-11D3-BF4B-00C04F79EFBC}") = "Test", "Tests\Test\Test.csproj", "{CE6159DD-921D-4C68-8BE5-1920CC1D5BD2}"
EndProject
Project("{FAE04EC0-301F-11D3-BF4B-00C04F79EFBC}") = "Day005", "Day005\Day005.csproj", "{C5CA2EA8-D0E0-4D91-ACC5-618702FBA311}"
EndProject
Project("{FAE04EC0-301F-11D3-BF4B-00C04F79EFBC}") = "AdventExecutor", "AdventExecutor\AdventExecutor.csproj", "{49ECD3D6-A612-4061-B020-5F37917F6819}"
EndProject
Project("{2150E333-8FDC-42A3-9474-1A3956D46DE8}") = "Template", "Template", "{7535EAAC-6274-4765-B8C5-52E9623360AA}"
EndProject
Project("{FAE04EC0-301F-11D3-BF4B-00C04F79EFBC}") = "DayXXX", "DayXXX\DayXXX.csproj", "{736D2B3F-583A-4848-965C-9976697CA4CF}"
EndProject
Project("{FAE04EC0-301F-11D3-BF4B-00C04F79EFBC}") = "Day006", "Day006\Day006.csproj", "{4F6114FD-3A79-4C11-994A-435E06C23367}"
EndProject
Project("{2150E333-8FDC-42A3-9474-1A3956D46DE8}") = "Days", "Days", "{8DE86A42-4C8A-4617-94A7-C7FBFF5273BF}"
EndProject
Project("{FAE04EC0-301F-11D3-BF4B-00C04F79EFBC}") = "Day007", "Day007\Day007.csproj", "{EED96723-D112-4A13-A77A-F2EB1AE8AA19}"
EndProject
Project("{FAE04EC0-301F-11D3-BF4B-00C04F79EFBC}") = "Day008", "Day008\Day008.csproj", "{C877FE95-7F4C-4883-9883-1FF8FF7E10E7}"
EndProject
Project("{FAE04EC0-301F-11D3-BF4B-00C04F79EFBC}") = "Day009", "Days\Day009\Day009\Day009.csproj", "{2EEF06E9-F1DA-4025-8AC0-A79F3C099D72}"
EndProject
Project("{FAE04EC0-301F-11D3-BF4B-00C04F79EFBC}") = "Day010", "Days\Day010\Day010\Day010.csproj", "{551C2658-C456-4436-B17F-CC8AB56A04A1}"
EndProject
Global
	GlobalSection(SolutionConfigurationPlatforms) = preSolution
		Debug|Any CPU = Debug|Any CPU
		Release|Any CPU = Release|Any CPU
	EndGlobalSection
	GlobalSection(ProjectConfigurationPlatforms) = postSolution
		{B779E344-E31A-4629-9152-4F8B9232ED33}.Debug|Any CPU.ActiveCfg = Debug|Any CPU
		{B779E344-E31A-4629-9152-4F8B9232ED33}.Debug|Any CPU.Build.0 = Debug|Any CPU
		{B779E344-E31A-4629-9152-4F8B9232ED33}.Release|Any CPU.ActiveCfg = Release|Any CPU
		{B779E344-E31A-4629-9152-4F8B9232ED33}.Release|Any CPU.Build.0 = Release|Any CPU
		{0EE41D6C-07B7-4AE8-B8CE-BBDBD59B0EF3}.Debug|Any CPU.ActiveCfg = Debug|Any CPU
		{0EE41D6C-07B7-4AE8-B8CE-BBDBD59B0EF3}.Debug|Any CPU.Build.0 = Debug|Any CPU
		{0EE41D6C-07B7-4AE8-B8CE-BBDBD59B0EF3}.Release|Any CPU.ActiveCfg = Release|Any CPU
		{0EE41D6C-07B7-4AE8-B8CE-BBDBD59B0EF3}.Release|Any CPU.Build.0 = Release|Any CPU
		{A9F2D729-3D55-430B-A7F4-7C528906E65A}.Debug|Any CPU.ActiveCfg = Debug|Any CPU
		{A9F2D729-3D55-430B-A7F4-7C528906E65A}.Debug|Any CPU.Build.0 = Debug|Any CPU
		{A9F2D729-3D55-430B-A7F4-7C528906E65A}.Release|Any CPU.ActiveCfg = Release|Any CPU
		{A9F2D729-3D55-430B-A7F4-7C528906E65A}.Release|Any CPU.Build.0 = Release|Any CPU
		{D70F0F0C-E47B-4311-B00D-42498821810A}.Debug|Any CPU.ActiveCfg = Debug|Any CPU
		{D70F0F0C-E47B-4311-B00D-42498821810A}.Debug|Any CPU.Build.0 = Debug|Any CPU
		{D70F0F0C-E47B-4311-B00D-42498821810A}.Release|Any CPU.ActiveCfg = Release|Any CPU
		{D70F0F0C-E47B-4311-B00D-42498821810A}.Release|Any CPU.Build.0 = Release|Any CPU
		{F1C0A4F9-C3BC-4AAA-8F98-C406D5A21ECB}.Debug|Any CPU.ActiveCfg = Debug|Any CPU
		{F1C0A4F9-C3BC-4AAA-8F98-C406D5A21ECB}.Debug|Any CPU.Build.0 = Debug|Any CPU
		{F1C0A4F9-C3BC-4AAA-8F98-C406D5A21ECB}.Release|Any CPU.ActiveCfg = Release|Any CPU
		{F1C0A4F9-C3BC-4AAA-8F98-C406D5A21ECB}.Release|Any CPU.Build.0 = Release|Any CPU
		{B58B72E2-9CF3-4C7F-A2B0-5852F2DEF4A4}.Debug|Any CPU.ActiveCfg = Debug|Any CPU
		{B58B72E2-9CF3-4C7F-A2B0-5852F2DEF4A4}.Debug|Any CPU.Build.0 = Debug|Any CPU
		{B58B72E2-9CF3-4C7F-A2B0-5852F2DEF4A4}.Release|Any CPU.ActiveCfg = Release|Any CPU
		{B58B72E2-9CF3-4C7F-A2B0-5852F2DEF4A4}.Release|Any CPU.Build.0 = Release|Any CPU
		{CE6159DD-921D-4C68-8BE5-1920CC1D5BD2}.Debug|Any CPU.ActiveCfg = Debug|Any CPU
		{CE6159DD-921D-4C68-8BE5-1920CC1D5BD2}.Debug|Any CPU.Build.0 = Debug|Any CPU
		{CE6159DD-921D-4C68-8BE5-1920CC1D5BD2}.Release|Any CPU.ActiveCfg = Release|Any CPU
		{CE6159DD-921D-4C68-8BE5-1920CC1D5BD2}.Release|Any CPU.Build.0 = Release|Any CPU
		{C5CA2EA8-D0E0-4D91-ACC5-618702FBA311}.Debug|Any CPU.ActiveCfg = Debug|Any CPU
		{C5CA2EA8-D0E0-4D91-ACC5-618702FBA311}.Debug|Any CPU.Build.0 = Debug|Any CPU
		{C5CA2EA8-D0E0-4D91-ACC5-618702FBA311}.Release|Any CPU.ActiveCfg = Release|Any CPU
		{C5CA2EA8-D0E0-4D91-ACC5-618702FBA311}.Release|Any CPU.Build.0 = Release|Any CPU
		{49ECD3D6-A612-4061-B020-5F37917F6819}.Debug|Any CPU.ActiveCfg = Debug|Any CPU
		{49ECD3D6-A612-4061-B020-5F37917F6819}.Debug|Any CPU.Build.0 = Debug|Any CPU
		{49ECD3D6-A612-4061-B020-5F37917F6819}.Release|Any CPU.ActiveCfg = Release|Any CPU
		{49ECD3D6-A612-4061-B020-5F37917F6819}.Release|Any CPU.Build.0 = Release|Any CPU
		{736D2B3F-583A-4848-965C-9976697CA4CF}.Debug|Any CPU.ActiveCfg = Debug|Any CPU
		{736D2B3F-583A-4848-965C-9976697CA4CF}.Debug|Any CPU.Build.0 = Debug|Any CPU
		{736D2B3F-583A-4848-965C-9976697CA4CF}.Release|Any CPU.ActiveCfg = Release|Any CPU
		{736D2B3F-583A-4848-965C-9976697CA4CF}.Release|Any CPU.Build.0 = Release|Any CPU
		{4F6114FD-3A79-4C11-994A-435E06C23367}.Debug|Any CPU.ActiveCfg = Debug|Any CPU
		{4F6114FD-3A79-4C11-994A-435E06C23367}.Debug|Any CPU.Build.0 = Debug|Any CPU
		{4F6114FD-3A79-4C11-994A-435E06C23367}.Release|Any CPU.ActiveCfg = Release|Any CPU
		{4F6114FD-3A79-4C11-994A-435E06C23367}.Release|Any CPU.Build.0 = Release|Any CPU
		{EED96723-D112-4A13-A77A-F2EB1AE8AA19}.Debug|Any CPU.ActiveCfg = Debug|Any CPU
		{EED96723-D112-4A13-A77A-F2EB1AE8AA19}.Debug|Any CPU.Build.0 = Debug|Any CPU
		{EED96723-D112-4A13-A77A-F2EB1AE8AA19}.Release|Any CPU.ActiveCfg = Release|Any CPU
		{EED96723-D112-4A13-A77A-F2EB1AE8AA19}.Release|Any CPU.Build.0 = Release|Any CPU
		{C877FE95-7F4C-4883-9883-1FF8FF7E10E7}.Debug|Any CPU.ActiveCfg = Debug|Any CPU
		{C877FE95-7F4C-4883-9883-1FF8FF7E10E7}.Debug|Any CPU.Build.0 = Debug|Any CPU
		{C877FE95-7F4C-4883-9883-1FF8FF7E10E7}.Release|Any CPU.ActiveCfg = Release|Any CPU
		{C877FE95-7F4C-4883-9883-1FF8FF7E10E7}.Release|Any CPU.Build.0 = Release|Any CPU
		{2EEF06E9-F1DA-4025-8AC0-A79F3C099D72}.Debug|Any CPU.ActiveCfg = Debug|Any CPU
		{2EEF06E9-F1DA-4025-8AC0-A79F3C099D72}.Debug|Any CPU.Build.0 = Debug|Any CPU
		{2EEF06E9-F1DA-4025-8AC0-A79F3C099D72}.Release|Any CPU.ActiveCfg = Release|Any CPU
		{2EEF06E9-F1DA-4025-8AC0-A79F3C099D72}.Release|Any CPU.Build.0 = Release|Any CPU
		{551C2658-C456-4436-B17F-CC8AB56A04A1}.Debug|Any CPU.ActiveCfg = Debug|Any CPU
		{551C2658-C456-4436-B17F-CC8AB56A04A1}.Debug|Any CPU.Build.0 = Debug|Any CPU
		{551C2658-C456-4436-B17F-CC8AB56A04A1}.Release|Any CPU.ActiveCfg = Release|Any CPU
		{551C2658-C456-4436-B17F-CC8AB56A04A1}.Release|Any CPU.Build.0 = Release|Any CPU
	EndGlobalSection
	GlobalSection(SolutionProperties) = preSolution
		HideSolutionNode = FALSE
	EndGlobalSection
	GlobalSection(NestedProjects) = preSolution
		{B779E344-E31A-4629-9152-4F8B9232ED33} = {8DE86A42-4C8A-4617-94A7-C7FBFF5273BF}
		{0EE41D6C-07B7-4AE8-B8CE-BBDBD59B0EF3} = {8DE86A42-4C8A-4617-94A7-C7FBFF5273BF}
		{A9F2D729-3D55-430B-A7F4-7C528906E65A} = {8DE86A42-4C8A-4617-94A7-C7FBFF5273BF}
		{D70F0F0C-E47B-4311-B00D-42498821810A} = {8DE86A42-4C8A-4617-94A7-C7FBFF5273BF}
		{F1C0A4F9-C3BC-4AAA-8F98-C406D5A21ECB} = {8DE86A42-4C8A-4617-94A7-C7FBFF5273BF}
		{CE6159DD-921D-4C68-8BE5-1920CC1D5BD2} = {7A4B837B-BB71-43E2-94AF-3FACC5F54E15}
		{C5CA2EA8-D0E0-4D91-ACC5-618702FBA311} = {8DE86A42-4C8A-4617-94A7-C7FBFF5273BF}
		{736D2B3F-583A-4848-965C-9976697CA4CF} = {7535EAAC-6274-4765-B8C5-52E9623360AA}
		{4F6114FD-3A79-4C11-994A-435E06C23367} = {8DE86A42-4C8A-4617-94A7-C7FBFF5273BF}
		{EED96723-D112-4A13-A77A-F2EB1AE8AA19} = {8DE86A42-4C8A-4617-94A7-C7FBFF5273BF}
		{C877FE95-7F4C-4883-9883-1FF8FF7E10E7} = {8DE86A42-4C8A-4617-94A7-C7FBFF5273BF}
		{2EEF06E9-F1DA-4025-8AC0-A79F3C099D72} = {8DE86A42-4C8A-4617-94A7-C7FBFF5273BF}
		{551C2658-C456-4436-B17F-CC8AB56A04A1} = {8DE86A42-4C8A-4617-94A7-C7FBFF5273BF}
	EndGlobalSection
	GlobalSection(ExtensibilityGlobals) = postSolution
		SolutionGuid = {134A8DEF-D953-46DD-ABB9-792FCB298B6F}
	EndGlobalSection
EndGlobal
